#MicroXplorer Configuration settings - do not modify
Mcu.Family=STM32F4
ProjectManager.MainLocation=Core/Src
PA2.GPIO_PuPd=GPIO_PULLDOWN
RCC.CortexFreq_Value=100000000
TIM2.Channel-Input_Capture1_from_TI1=TIM_CHANNEL_1
TIM4.Channel-Input_Capture3_from_TI3=TIM_CHANNEL_3
ProjectManager.KeepUserCode=true
Mcu.UserName=STM32F411CEUx
PB10.Mode=I2C
RCC.PLLCLKFreq_Value=100000000
RCC.PLLQCLKFreq_Value=50000000
PA3.GPIO_PuPd=GPIO_PULLDOWN
ProjectManager.functionlistsort=1-MX_GPIO_Init-GPIO-false-HAL-true,2-SystemClock_Config-RCC-false-HAL-false,3-MX_I2C1_Init-I2C1-false-HAL-true,4-MX_I2C2_Init-I2C2-false-HAL-true,5-MX_TIM2_Init-TIM2-false-HAL-true,6-MX_TIM3_Init-TIM3-false-HAL-true,7-MX_TIM4_Init-TIM4-false-HAL-true,8-MX_USART1_UART_Init-USART1-false-HAL-true
RCC.RTCFreq_Value=32000
PA3.GPIOParameters=GPIO_PuPd
USART1.IPParameters=VirtualMode
SH.S_TIM4_CH4.ConfNb=1
PA2.GPIOParameters=GPIO_PuPd
PinOutPanel.RotationAngle=0
TIM3.Channel-PWM\ Generation4\ CH4=TIM_CHANNEL_4
RCC.SYSCLKSource=RCC_SYSCLKSOURCE_PLLCLK
ProjectManager.StackSize=0x400
Mcu.IP4=SYS
RCC.FCLKCortexFreq_Value=100000000
Mcu.IP5=TIM2
Mcu.IP2=NVIC
NVIC.SVCall_IRQn=true\:0\:0\:false\:false\:true\:false\:false
Mcu.IP3=RCC
Mcu.IP0=I2C1
Mcu.IP1=I2C2
Mcu.UserConstants=
PH0\ -\ OSC_IN.Signal=RCC_OSC_IN
SH.S_TIM3_CH2.ConfNb=1
Mcu.ThirdPartyNb=0
RCC.HCLKFreq_Value=100000000
Mcu.IPNb=9
RCC.I2SClocksFreq_Value=150000000
TIM2.IPParameters=Channel-Input_Capture1_from_TI1,Channel-Input_Capture2_from_TI2,Channel-Input_Capture3_from_TI3,Channel-Input_Capture4_from_TI4,Prescaler
ProjectManager.PreviousToolchain=
RCC.APB2TimFreq_Value=100000000
TIM3.Period=9999
PB6.Signal=I2C1_SCL
RCC.VcooutputI2S=150000000
TIM2.Channel-Input_Capture3_from_TI3=TIM_CHANNEL_3
PB6.Mode=I2C
Mcu.Pin6=PA2
Mcu.Pin7=PA3
Mcu.Pin8=PA6
Mcu.Pin9=PA7
PA1.GPIO_PuPd=GPIO_PULLDOWN
RCC.AHBFreq_Value=100000000
Mcu.Pin0=PC14-OSC32_IN
Mcu.Pin1=PC15-OSC32_OUT
TIM3.Channel-PWM\ Generation1\ CH1=TIM_CHANNEL_1
GPIO.groupedBy=
Mcu.Pin2=PH0 - OSC_IN
Mcu.Pin3=PH1 - OSC_OUT
Mcu.Pin4=PA0-WKUP
PA0-WKUP.GPIOParameters=GPIO_PuPd
Mcu.Pin5=PA1
ProjectManager.ProjectBuild=false
RCC.HSE_VALUE=25000000
NVIC.UsageFault_IRQn=true\:0\:0\:false\:false\:true\:false\:false
NVIC.DebugMonitor_IRQn=true\:0\:0\:false\:false\:true\:false\:false
PB3.Mode=I2C
NVIC.SysTick_IRQn=true\:0\:0\:false\:false\:true\:false\:true
ProjectManager.FirmwarePackage=STM32Cube FW_F4 V1.25.2
MxDb.Version=DB.6.0.0
PA1.GPIOParameters=GPIO_PuPd
ProjectManager.BackupPrevious=false
PC14-OSC32_IN.Mode=LSE-External-Oscillator
RCC.VCOInputFreq_Value=2083333.3333333333
PA14.Mode=Serial_Wire
TIM3.Prescaler=199
NVIC.TIM2_IRQn=true\:1\:0\:true\:false\:true\:true\:true
File.Version=6
PB7.Signal=I2C1_SDA
NVIC.PendSV_IRQn=true\:0\:0\:false\:false\:true\:false\:false
SH.S_TIM3_CH1.0=TIM3_CH1,PWM Generation1 CH1
ProjectManager.HalAssertFull=false
ProjectManager.ProjectName=F411CEU6_V1
PB9.Signal=S_TIM4_CH4
Mcu.Package=UFQFPN48
TIM2.Prescaler=99
PA6.Signal=S_TIM3_CH1
PB1.Signal=S_TIM3_CH4
TIM2.Channel-Input_Capture2_from_TI2=TIM_CHANNEL_2
ProjectManager.ToolChainLocation=
RCC.LSI_VALUE=32000
VP_SYS_VS_Systick.Signal=SYS_VS_Systick
PA10.Signal=USART1_RX
PB9.GPIO_PuPd=GPIO_PULLDOWN
RCC.APB1TimFreq_Value=100000000
NVIC.BusFault_IRQn=true\:0\:0\:false\:false\:true\:false\:false
SH.S_TIM2_CH4.ConfNb=1
NVIC.USART1_IRQn=true\:2\:0\:true\:false\:true\:true\:true
ProjectManager.CustomerFirmwarePackage=
PA3.Signal=S_TIM2_CH4
RCC.PLLSourceVirtual=RCC_PLLSOURCE_HSE
PC15-OSC32_OUT.Mode=LSE-External-Oscillator
ProjectManager.ProjectFileName=F411CEU6_V1.ioc
PB8.GPIOParameters=GPIO_PuPd
PA10.Mode=Asynchronous
Mcu.PinsNb=23
ProjectManager.NoMain=false
SH.S_TIM4_CH4.0=TIM4_CH4,Input_Capture4_from_TI4
PH1\ -\ OSC_OUT.Mode=HSE-External-Oscillator
PB8.GPIO_PuPd=GPIO_PULLDOWN
ProjectManager.DefaultFWLocation=true
ProjectManager.DeletePrevious=true
RCC.APB1CLKDivider=RCC_HCLK_DIV2
PC14-OSC32_IN.Signal=RCC_OSC32_IN
SH.S_TIM3_CH3.0=TIM3_CH3,PWM Generation3 CH3
SH.S_TIM2_CH1_ETR.ConfNb=1
RCC.FamilyName=M
PA0-WKUP.Signal=S_TIM2_CH1_ETR
PB9.GPIOParameters=GPIO_PuPd
PA13.Signal=SYS_JTMS-SWDIO
TIM3.Channel-PWM\ Generation3\ CH3=TIM_CHANNEL_3
SH.S_TIM2_CH2.0=TIM2_CH2,Input_Capture2_from_TI2
PA9.Mode=Asynchronous
PH0\ -\ OSC_IN.Mode=HSE-External-Oscillator
TIM4.Channel-Input_Capture4_from_TI4=TIM_CHANNEL_4
ProjectManager.TargetToolchain=MDK-ARM V5.27
TIM4.IPParameters=Channel-Input_Capture3_from_TI3,Channel-Input_Capture4_from_TI4,Prescaler
SH.S_TIM3_CH3.ConfNb=1
SH.S_TIM4_CH3.0=TIM4_CH3,Input_Capture3_from_TI3
PA9.Signal=USART1_TX
SH.S_TIM2_CH2.ConfNb=1
RCC.VCOInputMFreq_Value=1562500
ProjectManager.RegisterCallBack=
TIM4.Prescaler=99
PC15-OSC32_OUT.Signal=RCC_OSC32_OUT
PA1.Signal=S_TIM2_CH2
PB10.Signal=I2C2_SCL
SH.S_TIM4_CH3.ConfNb=1
RCC.VCOI2SOutputFreq_Value=300000000
SH.S_TIM3_CH2.0=TIM3_CH2,PWM Generation2 CH2
PH1\ -\ OSC_OUT.Signal=RCC_OSC_OUT
board=custom
RCC.VCOOutputFreq_Value=200000000
ProjectManager.LastFirmware=true
RCC.APB2Freq_Value=100000000
MxCube.Version=6.0.1
SH.S_TIM2_CH3.0=TIM2_CH3,Input_Capture3_from_TI3
VP_SYS_VS_Systick.Mode=SysTick
RCC.EthernetFreq_Value=100000000
TIM3.IPParameters=Channel-PWM Generation1 CH1,Channel-PWM Generation2 CH2,Channel-PWM Generation3 CH3,Channel-PWM Generation4 CH4,Prescaler,Period
TIM2.Channel-Input_Capture4_from_TI4=TIM_CHANNEL_4
NVIC.NonMaskableInt_IRQn=true\:0\:0\:false\:false\:true\:false\:false
SH.S_TIM2_CH3.ConfNb=1
PA13.Mode=Serial_Wire
ProjectManager.FreePins=false
RCC.IPParameters=48MHZClocksFreq_Value,AHBFreq_Value,APB1CLKDivider,APB1Freq_Value,APB1TimFreq_Value,APB2Freq_Value,APB2TimFreq_Value,CortexFreq_Value,EthernetFreq_Value,FCLKCortexFreq_Value,FamilyName,HCLKFreq_Value,HSE_VALUE,HSI_VALUE,I2SClocksFreq_Value,LSI_VALUE,PLLCLKFreq_Value,PLLM,PLLN,PLLQCLKFreq_Value,PLLSourceVirtual,RTCFreq_Value,RTCHSEDivFreq_Value,SYSCLKFreq_VALUE,SYSCLKSource,VCOI2SOutputFreq_Value,VCOInputFreq_Value,VCOInputMFreq_Value,VCOOutputFreq_Value,VcooutputI2S
ProjectManager.AskForMigrate=true
Mcu.Name=STM32F411C(C-E)Ux
RCC.RTCHSEDivFreq_Value=12500000
PA2.Signal=S_TIM2_CH3
ProjectManager.UnderRoot=false
Mcu.IP8=USART1
Mcu.IP6=TIM3
Mcu.IP7=TIM4
ProjectManager.CoupleFile=true
RCC.48MHZClocksFreq_Value=50000000
PB3.Signal=I2C2_SDA
RCC.SYSCLKFreq_VALUE=100000000
Mcu.Pin22=VP_SYS_VS_Systick
Mcu.Pin20=PB8
Mcu.Pin21=PB9
NVIC.ForceEnableDMAVector=true
KeepUserPlacement=false
NVIC.MemoryManagement_IRQn=true\:0\:0\:false\:false\:true\:false\:false
USART1.VirtualMode=VM_ASYNC
ProjectManager.CompilerOptimize=6
PB7.Mode=I2C
SH.S_TIM2_CH1_ETR.0=TIM2_CH1,Input_Capture1_from_TI1
PA14.Signal=SYS_JTCK-SWCLK
ProjectManager.HeapSize=0x200
Mcu.Pin15=PA13
NVIC.HardFault_IRQn=true\:0\:0\:false\:false\:true\:false\:false
Mcu.Pin16=PA14
SH.S_TIM2_CH4.0=TIM2_CH4,Input_Capture4_from_TI4
Mcu.Pin13=PA9
Mcu.Pin14=PA10
Mcu.Pin19=PB7
SH.S_TIM3_CH1.ConfNb=1
ProjectManager.ComputerToolchain=false
Mcu.Pin17=PB3
RCC.HSI_VALUE=16000000
Mcu.Pin18=PB6
SH.S_TIM3_CH4.ConfNb=1
NVIC.PriorityGroup=NVIC_PRIORITYGROUP_4
Mcu.Pin11=PB1
TIM3.Channel-PWM\ Generation2\ CH2=TIM_CHANNEL_2
Mcu.Pin12=PB10
RCC.PLLM=12
RCC.PLLN=96
Mcu.Pin10=PB0
PB8.Signal=S_TIM4_CH3
PA0-WKUP.GPIO_PuPd=GPIO_PULLDOWN
NVIC.TIM4_IRQn=true\:1\:0\:true\:false\:true\:true\:true
RCC.APB1Freq_Value=50000000
PB0.Signal=S_TIM3_CH3
ProjectManager.DeviceId=STM32F411CEUx
ProjectManager.LibraryCopy=0
SH.S_TIM3_CH4.0=TIM3_CH4,PWM Generation4 CH4
PA7.Signal=S_TIM3_CH2
